# This file is automatically @generated by Cargo.
# It is not intended for manual editing.
version = 3

[[package]]
name = "core"
version = "0.1.0"
dependencies = [
 "ecolor",
 "emath",
]

[[package]]
name = "ecolor"
version = "0.29.1"
source = "registry+https://github.com/rust-lang/crates.io-index"
checksum = "775cfde491852059e386c4e1deb4aef381c617dc364184c6f6afee99b87c402b"
dependencies = [
 "emath",
]

[[package]]
name = "emath"
version = "0.29.1"
source = "registry+https://github.com/rust-lang/crates.io-index"
checksum = "b1fe0049ce51d0fb414d029e668dd72eb30bc2b739bf34296ed97bd33df544f3"
